symfony a04acc89438217fadbb3ec78d21db7e7f3fce805
twig 396435ecd05556adb0a8bd05b14641cb4f8a8aa5
monolog b704c49a3051536f67f2d39f13568f74615b9922
doctrine-common 1c9d2ab329746637d1c6c058523ec1ee769da31c
doctrine-dbal ae358bd94ec09d7d3ad92ca7820e67825ad9e5f4
doctrine bff55577cd7df5924dcc43a237993f2d052316f2
swiftmailer daaff2b8515390fbb10882647311f476b89a67e6
assetic f829ad23d23c87480151a21faad49fefe7c09e5d
twig-extensions 446d870272cd87a720e95242eade38a2acf56eaa
metadata 8717ad2a5689480765d9ffafe925cd8a2457e582
SensioFrameworkExtraBundle 1eda94d838aa885e154f92f426df35f2252cdb92
JMSSecurityExtraBundle e752f888c51425f71382c056961f10f2be642102
SensioDistributionBundle 20b66a408084ad8752f98e50f10533f5245310bf
SensioGeneratorBundle 423f505811307185eeea38a0a396bede32713497
AsseticBundle 41b5913b5086a0909af92adcb4a6005ee0051b16
gedmo-doctrine-extensions b5f4b3e3b32beccdfed155bbf020daf99b9499ff
DoctrineExtensionsBundle f141a698d65271a18d86469c1f7b29d7e24170dd
JMSAopBundle 431569cae2005e42fe502a55165a7b1fb9593bf3
cg-library 3aaa205ed3ae000950d3f641b00a19ad137a89f3
FOSUserBundle b3dc5faf0017a621537dd5ec44047be5ad5bb82e