symfony ee572b34cf19edc8c3ed0bd1bc8a9d634cfcd197
twig 31f05925258063a363178691be6988bde78ab5fb
monolog b704c49a3051536f67f2d39f13568f74615b9922
doctrine-common 1c9d2ab329746637d1c6c058523ec1ee769da31c
doctrine-dbal ae358bd94ec09d7d3ad92ca7820e67825ad9e5f4
doctrine bff55577cd7df5924dcc43a237993f2d052316f2
doctrine-fixtures 779c3dfe446b6da893be87b908d6be28345d1e01
DoctrineFixturesBundle 479f10d068bd0b01e055aa2f555946893322b79c
swiftmailer daaff2b8515390fbb10882647311f476b89a67e6
assetic 4aeef88b7908510d0bcbbde357f0adf470534ed8
twig-extensions feb6d3f10c411e2631997c0a905aa581c80305c1
metadata 8717ad2a5689480765d9ffafe925cd8a2457e582
SensioFrameworkExtraBundle 85911039aca2ef39805640d9238c7157d8c30d2e
JMSSecurityExtraBundle e752f888c51425f71382c056961f10f2be642102
SensioDistributionBundle 20b66a408084ad8752f98e50f10533f5245310bf
SensioGeneratorBundle d8fc1666f3cdb403f1b2d4320c45ddd6adbdf6a5
AsseticBundle 41b5913b5086a0909af92adcb4a6005ee0051b16
gedmo-doctrine-extensions 31e5e51f242c7cd03433d7c0c8d58c55b26cc095
DoctrineExtensionsBundle f31a0861de08b6594f09430a4cbaf0618e5e11ad
JMSAopBundle 431569cae2005e42fe502a55165a7b1fb9593bf3
cg-library 3aaa205ed3ae000950d3f641b00a19ad137a89f3
FOSUserBundle b3dc5faf0017a621537dd5ec44047be5ad5bb82e