symfony 57990cc53ff0553bf38fad0e5dddaba1a31a4eaf
twig 396435ecd05556adb0a8bd05b14641cb4f8a8aa5
monolog b704c49a3051536f67f2d39f13568f74615b9922
doctrine-common 1c9d2ab329746637d1c6c058523ec1ee769da31c
doctrine-dbal ae358bd94ec09d7d3ad92ca7820e67825ad9e5f4
doctrine bff55577cd7df5924dcc43a237993f2d052316f2
swiftmailer daaff2b8515390fbb10882647311f476b89a67e6
assetic f829ad23d23c87480151a21faad49fefe7c09e5d
twig-extensions 4c831657215e51568fcb31bb9142e827f9a69bd5
metadata 8717ad2a5689480765d9ffafe925cd8a2457e582
SensioFrameworkExtraBundle 638f545b7020b9e9d5944a7e3167f60ed848250d
JMSSecurityExtraBundle 541a4c242328dc04b99540c75346cc74a7c0cfb5
SensioDistributionBundle 20b66a408084ad8752f98e50f10533f5245310bf
SensioGeneratorBundle 06d07e0514d310be8d5630bfd93637136991c30c
AsseticBundle 41b5913b5086a0909af92adcb4a6005ee0051b16
gedmo-doctrine-extensions 0741b304c3f9a5571995078953d3066dbd91e383
DoctrineExtensionsBundle 59be31ee6d89f0af0e055385e6b7474ebed161db
JMSAopBundle 431569cae2005e42fe502a55165a7b1fb9593bf3
cg-library 3aaa205ed3ae000950d3f641b00a19ad137a89f3
FOSUserBundle b706553b4f7784c56398088a0d050bd92dd6c4ac