symfony 7cb402d806a9615cf8bcafcfd049da00914b45f8
twig 396435ecd05556adb0a8bd05b14641cb4f8a8aa5
monolog 303b8a83c87d5c6d749926cf02620465a5dcd0f2
doctrine-common 174111c8d245d560e1af4c7455b730347f85686d
doctrine-dbal 54f474b3c321676ceadbe4288396902405d87756
doctrine 05d12e20be58ab4d5fa403c5bd6ac06d1fce97e5
swiftmailer 1f273a7cd466a2dd82e59431dd5ce15f36996688
assetic 3333d371c4511abcdec7bad86e15ac2be3b10f03
twig-extensions d75a453b4e1ad48216cc4803ba9095855f130774
metadata 8717ad2a5689480765d9ffafe925cd8a2457e582
SensioFrameworkExtraBundle 1f661752ff051aeeca048e0be8df896faa024184
JMSSecurityExtraBundle 87b4650641eed6821057fe63cd184b1348838a3e
JMSAopBundle 19856aedb285d3731334f8f7327af0020ab4914b
cg-library b10707095ae95b1190d0f445c37718e07982dbcc
SensioDistributionBundle 64ae64795c794e34d964a67e76f0584444189fc2
SensioGeneratorBundle 87fe88c4c8dc09cb197ba4b2d6d5b834e2c64980
AsseticBundle 9c1b7269a4517d1ae94af2dc0d6d6fc4b31e6c10
FOSUserBundle b5a6e5078bae0a361601fc7ab549a13ea3970a5b
gedmo-doctrine-extensions 0299adeec5d930ea8315d020d8420b0d87228ce0
DoctrineExtensionsBundle ff7f1fc311ea63d014b7350225366403632ecd40